
Microsoft Visual Studio Solution File, Format Version 12.00
# Visual Studio 15
VisualStudioVersion = 15.0.28010.2026
MinimumVisualStudioVersion = 10.0.40219.1
Project("{FAE04EC0-301F-11D3-BF4B-00C04F79EFBC}") = "WebParcer", "WebParcer\WebParcer.csproj", "{0B81D7BB-65EF-4375-B899-80F2530DB88C}"
EndProject
Global
	GlobalSection(SolutionConfigurationPlatforms) = preSolution
		Debug|Any CPU = Debug|Any CPU
		Release|Any CPU = Release|Any CPU
	EndGlobalSection
	GlobalSection(ProjectConfigurationPlatforms) = postSolution
		{0B81D7BB-65EF-4375-B899-80F2530DB88C}.Debug|Any CPU.ActiveCfg = Debug|Any CPU
		{0B81D7BB-65EF-4375-B899-80F2530DB88C}.Debug|Any CPU.Build.0 = Debug|Any CPU
		{0B81D7BB-65EF-4375-B899-80F2530DB88C}.Release|Any CPU.ActiveCfg = Release|Any CPU
		{0B81D7BB-65EF-4375-B899-80F2530DB88C}.Release|Any CPU.Build.0 = Release|Any CPU
	EndGlobalSection
	GlobalSection(SolutionProperties) = preSolution
		HideSolutionNode = FALSE
	EndGlobalSection
	GlobalSection(ExtensibilityGlobals) = postSolution
		SolutionGuid = {16536688-75F9-4EDA-875D-4A64B1E39937}
	EndGlobalSection
EndGlobal
